
Microsoft Visual Studio Solution File, Format Version 12.00
# Visual Studio Version 16
VisualStudioVersion = 16.0.31605.320
MinimumVisualStudioVersion = 10.0.40219.1
Project("{FAE04EC0-301F-11D3-BF4B-00C04F79EFBC}") = "CapthaInMvc", "CapthaInMvc.csproj", "{9C44C8A2-D387-4F71-AB72-21C07C2AFC4F}"
EndProject
Global
	GlobalSection(SolutionConfigurationPlatforms) = preSolution
		Debug|Any CPU = Debug|Any CPU
		Release|Any CPU = Release|Any CPU
	EndGlobalSection
	GlobalSection(ProjectConfigurationPlatforms) = postSolution
		{9C44C8A2-D387-4F71-AB72-21C07C2AFC4F}.Debug|Any CPU.ActiveCfg = Debug|Any CPU
		{9C44C8A2-D387-4F71-AB72-21C07C2AFC4F}.Debug|Any CPU.Build.0 = Debug|Any CPU
		{9C44C8A2-D387-4F71-AB72-21C07C2AFC4F}.Release|Any CPU.ActiveCfg = Release|Any CPU
		{9C44C8A2-D387-4F71-AB72-21C07C2AFC4F}.Release|Any CPU.Build.0 = Release|Any CPU
	EndGlobalSection
	GlobalSection(SolutionProperties) = preSolution
		HideSolutionNode = FALSE
	EndGlobalSection
	GlobalSection(ExtensibilityGlobals) = postSolution
		SolutionGuid = {5C3814C1-920F-44A8-B3F1-BDF8375D3BC8}
	EndGlobalSection
EndGlobal
